// !$*UTF8*$!
{
	archiveVersion = 1;
	classes = {
	};
	objectVersion = 50;
	objects = {

/* Begin PBXBuildFile section */
		6B2FD2AB244CE1AC00BAC739 /* vl53l0x_api_calibration.c in Sources */ = {isa = PBXBuildFile; fileRef = 6B2FD2A6244CE1AC00BAC739 /* vl53l0x_api_calibration.c */; };
		6B2FD2AC244CE1AC00BAC739 /* vl53l0x_api.c in Sources */ = {isa = PBXBuildFile; fileRef = 6B2FD2A7244CE1AC00BAC739 /* vl53l0x_api.c */; };
		6B2FD2AD244CE1AC00BAC739 /* vl53l0x_api_ranging.c in Sources */ = {isa = PBXBuildFile; fileRef = 6B2FD2A8244CE1AC00BAC739 /* vl53l0x_api_ranging.c */; };
		6B2FD2AE244CE1AC00BAC739 /* vl53l0x_api_core.c in Sources */ = {isa = PBXBuildFile; fileRef = 6B2FD2A9244CE1AC00BAC739 /* vl53l0x_api_core.c */; };
		6B2FD2AF244CE1AC00BAC739 /* vl53l0x_api_strings.c in Sources */ = {isa = PBXBuildFile; fileRef = 6B2FD2AA244CE1AC00BAC739 /* vl53l0x_api_strings.c */; };
		6B2FD2B1244CE1CA00BAC739 /* vl53l0x_platform.c in Sources */ = {isa = PBXBuildFile; fileRef = 6B2FD2B0244CE1CA00BAC739 /* vl53l0x_platform.c */; };
		A91D0AD6209958DF00EA1DB4 /* filer.cpp in Sources */ = {isa = PBXBuildFile; fileRef = A91D0AD4209958DF00EA1DB4 /* filer.cpp */; };
		A9230180218E98A000EB2A21 /* tasks.cpp in Sources */ = {isa = PBXBuildFile; fileRef = A923017E218E989F00EB2A21 /* tasks.cpp */; };
		A96D72F1207AFD4500B98679 /* mtrctl.cpp in Sources */ = {isa = PBXBuildFile; fileRef = A96D72F0207AFD4500B98679 /* mtrctl.cpp */; };
		A96D72FB2083DE8600B98679 /* signals.cpp in Sources */ = {isa = PBXBuildFile; fileRef = A96D72F92083DE8600B98679 /* signals.cpp */; };
		A96D730A2083E80A00B98679 /* listen.cpp in Sources */ = {isa = PBXBuildFile; fileRef = A96D73082083E80A00B98679 /* listen.cpp */; };
		A96D730E208402C200B98679 /* sender.cpp in Sources */ = {isa = PBXBuildFile; fileRef = A96D730C208402C200B98679 /* sender.cpp */; };
		A96D7311208BD79600B98679 /* threader.cpp in Sources */ = {isa = PBXBuildFile; fileRef = A96D730F208BD79600B98679 /* threader.cpp */; };
		A96D7314208C052B00B98679 /* commands.cpp in Sources */ = {isa = PBXBuildFile; fileRef = A96D7312208C052B00B98679 /* commands.cpp */; };
		A9ABD7762095078900B64F14 /* hardware.cpp in Sources */ = {isa = PBXBuildFile; fileRef = A9ABD7742095078900B64F14 /* hardware.cpp */; };
		A9ABD779209507A400B64F14 /* speed.cpp in Sources */ = {isa = PBXBuildFile; fileRef = A9ABD777209507A400B64F14 /* speed.cpp */; };
		A9AF208321EAD2A700DF77E3 /* manager.cpp in Sources */ = {isa = PBXBuildFile; fileRef = A9AF208121EAD2A700DF77E3 /* manager.cpp */; };
/* End PBXBuildFile section */

/* Begin PBXCopyFilesBuildPhase section */
		A96D72EB207AFD4500B98679 /* Copy Files */ = {
			isa = PBXCopyFilesBuildPhase;
			buildActionMask = 2147483647;
			dstPath = /usr/share/man/man1/;
			dstSubfolderSpec = 0;
			files = (
			);
			name = "Copy Files";
			runOnlyForDeploymentPostprocessing = 1;
		};
/* End PBXCopyFilesBuildPhase section */

/* Begin PBXFileReference section */
		6B2FD2A6244CE1AC00BAC739 /* vl53l0x_api_calibration.c */ = {isa = PBXFileReference; fileEncoding = 4; lastKnownFileType = sourcecode.c.c; name = vl53l0x_api_calibration.c; path = vl53l0x/Api/core/src/vl53l0x_api_calibration.c; sourceTree = "<group>"; };
		6B2FD2A7244CE1AC00BAC739 /* vl53l0x_api.c */ = {isa = PBXFileReference; fileEncoding = 4; lastKnownFileType = sourcecode.c.c; name = vl53l0x_api.c; path = vl53l0x/Api/core/src/vl53l0x_api.c; sourceTree = "<group>"; };
		6B2FD2A8244CE1AC00BAC739 /* vl53l0x_api_ranging.c */ = {isa = PBXFileReference; fileEncoding = 4; lastKnownFileType = sourcecode.c.c; name = vl53l0x_api_ranging.c; path = vl53l0x/Api/core/src/vl53l0x_api_ranging.c; sourceTree = "<group>"; };
		6B2FD2A9244CE1AC00BAC739 /* vl53l0x_api_core.c */ = {isa = PBXFileReference; fileEncoding = 4; lastKnownFileType = sourcecode.c.c; name = vl53l0x_api_core.c; path = vl53l0x/Api/core/src/vl53l0x_api_core.c; sourceTree = "<group>"; };
		6B2FD2AA244CE1AC00BAC739 /* vl53l0x_api_strings.c */ = {isa = PBXFileReference; fileEncoding = 4; lastKnownFileType = sourcecode.c.c; name = vl53l0x_api_strings.c; path = vl53l0x/Api/core/src/vl53l0x_api_strings.c; sourceTree = "<group>"; };
		6B2FD2B0244CE1CA00BAC739 /* vl53l0x_platform.c */ = {isa = PBXFileReference; fileEncoding = 4; lastKnownFileType = sourcecode.c.c; name = vl53l0x_platform.c; path = vl53l0x/VL53L0X_rasp/platform/src/vl53l0x_platform.c; sourceTree = "<group>"; };
		A91D0AD4209958DF00EA1DB4 /* filer.cpp */ = {isa = PBXFileReference; lastKnownFileType = sourcecode.cpp.cpp; path = filer.cpp; sourceTree = "<group>"; };
		A91D0AD5209958DF00EA1DB4 /* filer.hpp */ = {isa = PBXFileReference; lastKnownFileType = sourcecode.cpp.h; path = filer.hpp; sourceTree = "<group>"; };
		A923017E218E989F00EB2A21 /* tasks.cpp */ = {isa = PBXFileReference; fileEncoding = 4; lastKnownFileType = sourcecode.cpp.cpp; path = tasks.cpp; sourceTree = "<group>"; };
		A923017F218E989F00EB2A21 /* tasks.hpp */ = {isa = PBXFileReference; fileEncoding = 4; lastKnownFileType = sourcecode.cpp.h; path = tasks.hpp; sourceTree = "<group>"; };
		A949BB4D22A8158C006383AE /* vl53l0x.cpp */ = {isa = PBXFileReference; lastKnownFileType = sourcecode.cpp.cpp; path = vl53l0x.cpp; sourceTree = "<group>"; };
		A949BB4E22A8158C006383AE /* vl53l0x.hpp */ = {isa = PBXFileReference; lastKnownFileType = sourcecode.cpp.h; path = vl53l0x.hpp; sourceTree = "<group>"; };
		A958526221BCDD9E001573FA /* actions.cpp */ = {isa = PBXFileReference; lastKnownFileType = sourcecode.cpp.cpp; path = actions.cpp; sourceTree = "<group>"; };
		A958526321BCDD9E001573FA /* actions.hpp */ = {isa = PBXFileReference; lastKnownFileType = sourcecode.cpp.h; path = actions.hpp; sourceTree = "<group>"; };
		A96D72ED207AFD4500B98679 /* mtrctl */ = {isa = PBXFileReference; includeInIndex = 0; lastKnownFileType = text; name = mtrctl; path = cweb; sourceTree = BUILT_PRODUCTS_DIR; };
		A96D72F0207AFD4500B98679 /* mtrctl.cpp */ = {isa = PBXFileReference; lastKnownFileType = sourcecode.cpp.cpp; path = mtrctl.cpp; sourceTree = "<group>"; };
		A96D72F7207B086900B98679 /* Makefile */ = {isa = PBXFileReference; lastKnownFileType = sourcecode.make; path = Makefile; sourceTree = "<group>"; };
		A96D72F8207B0C3700B98679 /* mtrctl.hpp */ = {isa = PBXFileReference; lastKnownFileType = sourcecode.cpp.h; path = mtrctl.hpp; sourceTree = "<group>"; };
		A96D72F92083DE8600B98679 /* signals.cpp */ = {isa = PBXFileReference; lastKnownFileType = sourcecode.cpp.cpp; path = signals.cpp; sourceTree = "<group>"; };
		A96D72FA2083DE8600B98679 /* signals.hpp */ = {isa = PBXFileReference; lastKnownFileType = sourcecode.cpp.h; path = signals.hpp; sourceTree = "<group>"; };
		A96D73082083E80A00B98679 /* listen.cpp */ = {isa = PBXFileReference; lastKnownFileType = sourcecode.cpp.cpp; path = listen.cpp; sourceTree = "<group>"; };
		A96D73092083E80A00B98679 /* listen.hpp */ = {isa = PBXFileReference; lastKnownFileType = sourcecode.cpp.h; path = listen.hpp; sourceTree = "<group>"; };
		A96D730B2083F34700B98679 /* README.md */ = {isa = PBXFileReference; fileEncoding = 4; lastKnownFileType = net.daringfireball.markdown; path = README.md; sourceTree = SOURCE_ROOT; };
		A96D730C208402C200B98679 /* sender.cpp */ = {isa = PBXFileReference; lastKnownFileType = sourcecode.cpp.cpp; path = sender.cpp; sourceTree = "<group>"; };
		A96D730D208402C200B98679 /* sender.hpp */ = {isa = PBXFileReference; lastKnownFileType = sourcecode.cpp.h; path = sender.hpp; sourceTree = "<group>"; };
		A96D730F208BD79600B98679 /* threader.cpp */ = {isa = PBXFileReference; lastKnownFileType = sourcecode.cpp.cpp; path = threader.cpp; sourceTree = "<group>"; };
		A96D7310208BD79600B98679 /* threader.hpp */ = {isa = PBXFileReference; lastKnownFileType = sourcecode.cpp.h; path = threader.hpp; sourceTree = "<group>"; };
		A96D7312208C052B00B98679 /* commands.cpp */ = {isa = PBXFileReference; lastKnownFileType = sourcecode.cpp.cpp; path = commands.cpp; sourceTree = "<group>"; };
		A96D7313208C052B00B98679 /* commands.hpp */ = {isa = PBXFileReference; lastKnownFileType = sourcecode.cpp.h; path = commands.hpp; sourceTree = "<group>"; };
		A9ABD7742095078900B64F14 /* hardware.cpp */ = {isa = PBXFileReference; lastKnownFileType = sourcecode.cpp.cpp; path = hardware.cpp; sourceTree = "<group>"; };
		A9ABD7752095078900B64F14 /* hardware.hpp */ = {isa = PBXFileReference; lastKnownFileType = sourcecode.cpp.h; path = hardware.hpp; sourceTree = "<group>"; };
		A9ABD777209507A400B64F14 /* speed.cpp */ = {isa = PBXFileReference; lastKnownFileType = sourcecode.cpp.cpp; path = speed.cpp; sourceTree = "<group>"; };
		A9ABD778209507A400B64F14 /* speed.hpp */ = {isa = PBXFileReference; lastKnownFileType = sourcecode.cpp.h; path = speed.hpp; sourceTree = "<group>"; };
		A9AF208121EAD2A700DF77E3 /* manager.cpp */ = {isa = PBXFileReference; lastKnownFileType = sourcecode.cpp.cpp; path = manager.cpp; sourceTree = "<group>"; };
		A9AF208221EAD2A700DF77E3 /* manager.hpp */ = {isa = PBXFileReference; lastKnownFileType = sourcecode.cpp.h; path = manager.hpp; sourceTree = "<group>"; };
/* End PBXFileReference section */

/* Begin PBXFrameworksBuildPhase section */
		A96D72EA207AFD4500B98679 /* Frameworks */ = {
			isa = PBXFrameworksBuildPhase;
			buildActionMask = 2147483647;
			files = (
			);
			runOnlyForDeploymentPostprocessing = 0;
		};
/* End PBXFrameworksBuildPhase section */

/* Begin PBXGroup section */
		6B2FD2A5244CE12A00BAC739 /* lidar */ = {
			isa = PBXGroup;
			children = (
				6B2FD2A6244CE1AC00BAC739 /* vl53l0x_api_calibration.c */,
				6B2FD2A9244CE1AC00BAC739 /* vl53l0x_api_core.c */,
				6B2FD2A8244CE1AC00BAC739 /* vl53l0x_api_ranging.c */,
				6B2FD2AA244CE1AC00BAC739 /* vl53l0x_api_strings.c */,
				6B2FD2A7244CE1AC00BAC739 /* vl53l0x_api.c */,
				6B2FD2B0244CE1CA00BAC739 /* vl53l0x_platform.c */,
			);
			name = lidar;
			sourceTree = "<group>";
		};
		A96D72E4207AFD4500B98679 = {
			isa = PBXGroup;
			children = (
				A96D72EF207AFD4500B98679 /* cweb */,
				A96D72EE207AFD4500B98679 /* Products */,
			);
			sourceTree = "<group>";
		};
		A96D72EE207AFD4500B98679 /* Products */ = {
			isa = PBXGroup;
			children = (
				A96D72ED207AFD4500B98679 /* mtrctl */,
			);
			name = Products;
			sourceTree = "<group>";
		};
		A96D72EF207AFD4500B98679 /* cweb */ = {
			isa = PBXGroup;
			children = (
				A97126AD220639AD00AC5AC7 /* infrastructure */,
				A97126AE220639E500AC5AC7 /* sockets */,
				A97126AB2206394A00AC5AC7 /* hardware */,
				A97126AF22063A7A00AC5AC7 /* control */,
				6B2FD2A5244CE12A00BAC739 /* lidar */,
				A96D730B2083F34700B98679 /* README.md */,
			);
			path = cweb;
			sourceTree = "<group>";
		};
		A97126AB2206394A00AC5AC7 /* hardware */ = {
			isa = PBXGroup;
			children = (
				A9ABD7742095078900B64F14 /* hardware.cpp */,
				A9ABD7752095078900B64F14 /* hardware.hpp */,
				A9ABD777209507A400B64F14 /* speed.cpp */,
				A9ABD778209507A400B64F14 /* speed.hpp */,
				A949BB4D22A8158C006383AE /* vl53l0x.cpp */,
				A949BB4E22A8158C006383AE /* vl53l0x.hpp */,
			);
			name = hardware;
			sourceTree = "<group>";
		};
		A97126AD220639AD00AC5AC7 /* infrastructure */ = {
			isa = PBXGroup;
			children = (
				A96D72F7207B086900B98679 /* Makefile */,
				A96D72F0207AFD4500B98679 /* mtrctl.cpp */,
				A96D72F8207B0C3700B98679 /* mtrctl.hpp */,
				A96D730F208BD79600B98679 /* threader.cpp */,
				A96D7310208BD79600B98679 /* threader.hpp */,
				A96D72F92083DE8600B98679 /* signals.cpp */,
				A96D72FA2083DE8600B98679 /* signals.hpp */,
				A91D0AD4209958DF00EA1DB4 /* filer.cpp */,
				A91D0AD5209958DF00EA1DB4 /* filer.hpp */,
			);
			name = infrastructure;
			sourceTree = "<group>";
		};
		A97126AE220639E500AC5AC7 /* sockets */ = {
			isa = PBXGroup;
			children = (
				A96D73082083E80A00B98679 /* listen.cpp */,
				A96D73092083E80A00B98679 /* listen.hpp */,
				A96D730C208402C200B98679 /* sender.cpp */,
				A96D730D208402C200B98679 /* sender.hpp */,
			);
			name = sockets;
			sourceTree = "<group>";
		};
		A97126AF22063A7A00AC5AC7 /* control */ = {
			isa = PBXGroup;
			children = (
				A96D7312208C052B00B98679 /* commands.cpp */,
				A96D7313208C052B00B98679 /* commands.hpp */,
				A9AF208121EAD2A700DF77E3 /* manager.cpp */,
				A9AF208221EAD2A700DF77E3 /* manager.hpp */,
				A923017E218E989F00EB2A21 /* tasks.cpp */,
				A923017F218E989F00EB2A21 /* tasks.hpp */,
				A958526221BCDD9E001573FA /* actions.cpp */,
				A958526321BCDD9E001573FA /* actions.hpp */,
			);
			name = control;
			sourceTree = "<group>";
		};
/* End PBXGroup section */

/* Begin PBXNativeTarget section */
		A96D72EC207AFD4500B98679 /* cweb */ = {
			isa = PBXNativeTarget;
			buildConfigurationList = A96D72F4207AFD4500B98679 /* Build configuration list for PBXNativeTarget "cweb" */;
			buildPhases = (
				A96D72E9207AFD4500B98679 /* Sources */,
				A96D72EA207AFD4500B98679 /* Frameworks */,
				A96D72EB207AFD4500B98679 /* Copy Files */,
			);
			buildRules = (
			);
			dependencies = (
			);
			name = cweb;
			productName = cweb;
			productReference = A96D72ED207AFD4500B98679 /* mtrctl */;
			productType = "com.apple.product-type.tool";
		};
/* End PBXNativeTarget section */

/* Begin PBXProject section */
		A96D72E5207AFD4500B98679 /* Project object */ = {
			isa = PBXProject;
			attributes = {
				LastUpgradeCheck = 0930;
				ORGANIZATIONNAME = billsnook;
				TargetAttributes = {
					A96D72EC207AFD4500B98679 = {
						CreatedOnToolsVersion = 9.3;
					};
				};
			};
			buildConfigurationList = A96D72E8207AFD4500B98679 /* Build configuration list for PBXProject "cweb" */;
			compatibilityVersion = "Xcode 9.3";
			developmentRegion = en;
			hasScannedForEncodings = 0;
			knownRegions = (
				en,
			);
			mainGroup = A96D72E4207AFD4500B98679;
			productRefGroup = A96D72EE207AFD4500B98679 /* Products */;
			projectDirPath = "";
			projectRoot = "";
			targets = (
				A96D72EC207AFD4500B98679 /* cweb */,
			);
		};
/* End PBXProject section */

/* Begin PBXSourcesBuildPhase section */
		A96D72E9207AFD4500B98679 /* Sources */ = {
			isa = PBXSourcesBuildPhase;
			buildActionMask = 2147483647;
			files = (
				6B2FD2AE244CE1AC00BAC739 /* vl53l0x_api_core.c in Sources */,
				6B2FD2AC244CE1AC00BAC739 /* vl53l0x_api.c in Sources */,
				6B2FD2AB244CE1AC00BAC739 /* vl53l0x_api_calibration.c in Sources */,
				A96D730E208402C200B98679 /* sender.cpp in Sources */,
				A96D7314208C052B00B98679 /* commands.cpp in Sources */,
				6B2FD2AD244CE1AC00BAC739 /* vl53l0x_api_ranging.c in Sources */,
				6B2FD2AF244CE1AC00BAC739 /* vl53l0x_api_strings.c in Sources */,
				A9AF208321EAD2A700DF77E3 /* manager.cpp in Sources */,
				A96D730A2083E80A00B98679 /* listen.cpp in Sources */,
				A9ABD779209507A400B64F14 /* speed.cpp in Sources */,
				A96D72F1207AFD4500B98679 /* mtrctl.cpp in Sources */,
				A91D0AD6209958DF00EA1DB4 /* filer.cpp in Sources */,
				6B2FD2B1244CE1CA00BAC739 /* vl53l0x_platform.c in Sources */,
				A9230180218E98A000EB2A21 /* tasks.cpp in Sources */,
				A96D7311208BD79600B98679 /* threader.cpp in Sources */,
				A9ABD7762095078900B64F14 /* hardware.cpp in Sources */,
				A96D72FB2083DE8600B98679 /* signals.cpp in Sources */,
			);
			runOnlyForDeploymentPostprocessing = 0;
		};
/* End PBXSourcesBuildPhase section */

/* Begin XCBuildConfiguration section */
		A96D72F2207AFD4500B98679 /* Debug */ = {
			isa = XCBuildConfiguration;
			buildSettings = {
				ALWAYS_SEARCH_USER_PATHS = NO;
				CLANG_ANALYZER_NONNULL = YES;
				CLANG_ANALYZER_NUMBER_OBJECT_CONVERSION = YES_AGGRESSIVE;
				CLANG_CXX_LANGUAGE_STANDARD = "gnu++14";
				CLANG_CXX_LIBRARY = "libc++";
				CLANG_ENABLE_MODULES = YES;
				CLANG_ENABLE_OBJC_ARC = YES;
				CLANG_ENABLE_OBJC_WEAK = YES;
				CLANG_WARN_BLOCK_CAPTURE_AUTORELEASING = YES;
				CLANG_WARN_BOOL_CONVERSION = YES;
				CLANG_WARN_COMMA = YES;
				CLANG_WARN_CONSTANT_CONVERSION = YES;
				CLANG_WARN_DEPRECATED_OBJC_IMPLEMENTATIONS = YES;
				CLANG_WARN_DIRECT_OBJC_ISA_USAGE = YES_ERROR;
				CLANG_WARN_DOCUMENTATION_COMMENTS = YES;
				CLANG_WARN_EMPTY_BODY = YES;
				CLANG_WARN_ENUM_CONVERSION = YES;
				CLANG_WARN_INFINITE_RECURSION = YES;
				CLANG_WARN_INT_CONVERSION = YES;
				CLANG_WARN_NON_LITERAL_NULL_CONVERSION = YES;
				CLANG_WARN_OBJC_IMPLICIT_RETAIN_SELF = YES;
				CLANG_WARN_OBJC_LITERAL_CONVERSION = YES;
				CLANG_WARN_OBJC_ROOT_CLASS = YES_ERROR;
				CLANG_WARN_RANGE_LOOP_ANALYSIS = YES;
				CLANG_WARN_STRICT_PROTOTYPES = YES;
				CLANG_WARN_SUSPICIOUS_MOVE = YES;
				CLANG_WARN_UNGUARDED_AVAILABILITY = YES_AGGRESSIVE;
				CLANG_WARN_UNREACHABLE_CODE = YES;
				CLANG_WARN__DUPLICATE_METHOD_MATCH = YES;
				CODE_SIGN_IDENTITY = "";
				COPY_PHASE_STRIP = NO;
				DEBUG_INFORMATION_FORMAT = dwarf;
				ENABLE_STRICT_OBJC_MSGSEND = YES;
				ENABLE_TESTABILITY = YES;
				GCC_C_LANGUAGE_STANDARD = gnu11;
				GCC_DYNAMIC_NO_PIC = NO;
				GCC_NO_COMMON_BLOCKS = YES;
				GCC_OPTIMIZATION_LEVEL = 0;
				GCC_PREPROCESSOR_DEFINITIONS = (
					"DEBUG=1",
					"$(inherited)",
				);
				GCC_WARN_64_TO_32_BIT_CONVERSION = YES;
				GCC_WARN_ABOUT_RETURN_TYPE = YES_ERROR;
				GCC_WARN_UNDECLARED_SELECTOR = YES;
				GCC_WARN_UNINITIALIZED_AUTOS = YES_AGGRESSIVE;
				GCC_WARN_UNUSED_FUNCTION = YES;
				GCC_WARN_UNUSED_VARIABLE = YES;
				MACOSX_DEPLOYMENT_TARGET = 10.13;
				MTL_ENABLE_DEBUG_INFO = YES;
				ONLY_ACTIVE_ARCH = YES;
				SDKROOT = macosx;
			};
			name = Debug;
		};
		A96D72F3207AFD4500B98679 /* Release */ = {
			isa = XCBuildConfiguration;
			buildSettings = {
				ALWAYS_SEARCH_USER_PATHS = NO;
				CLANG_ANALYZER_NONNULL = YES;
				CLANG_ANALYZER_NUMBER_OBJECT_CONVERSION = YES_AGGRESSIVE;
				CLANG_CXX_LANGUAGE_STANDARD = "gnu++14";
				CLANG_CXX_LIBRARY = "libc++";
				CLANG_ENABLE_MODULES = YES;
				CLANG_ENABLE_OBJC_ARC = YES;
				CLANG_ENABLE_OBJC_WEAK = YES;
				CLANG_WARN_BLOCK_CAPTURE_AUTORELEASING = YES;
				CLANG_WARN_BOOL_CONVERSION = YES;
				CLANG_WARN_COMMA = YES;
				CLANG_WARN_CONSTANT_CONVERSION = YES;
				CLANG_WARN_DEPRECATED_OBJC_IMPLEMENTATIONS = YES;
				CLANG_WARN_DIRECT_OBJC_ISA_USAGE = YES_ERROR;
				CLANG_WARN_DOCUMENTATION_COMMENTS = YES;
				CLANG_WARN_EMPTY_BODY = YES;
				CLANG_WARN_ENUM_CONVERSION = YES;
				CLANG_WARN_INFINITE_RECURSION = YES;
				CLANG_WARN_INT_CONVERSION = YES;
				CLANG_WARN_NON_LITERAL_NULL_CONVERSION = YES;
				CLANG_WARN_OBJC_IMPLICIT_RETAIN_SELF = YES;
				CLANG_WARN_OBJC_LITERAL_CONVERSION = YES;
				CLANG_WARN_OBJC_ROOT_CLASS = YES_ERROR;
				CLANG_WARN_RANGE_LOOP_ANALYSIS = YES;
				CLANG_WARN_STRICT_PROTOTYPES = YES;
				CLANG_WARN_SUSPICIOUS_MOVE = YES;
				CLANG_WARN_UNGUARDED_AVAILABILITY = YES_AGGRESSIVE;
				CLANG_WARN_UNREACHABLE_CODE = YES;
				CLANG_WARN__DUPLICATE_METHOD_MATCH = YES;
				CODE_SIGN_IDENTITY = "";
				COPY_PHASE_STRIP = NO;
				DEBUG_INFORMATION_FORMAT = "dwarf-with-dsym";
				ENABLE_NS_ASSERTIONS = NO;
				ENABLE_STRICT_OBJC_MSGSEND = YES;
				GCC_C_LANGUAGE_STANDARD = gnu11;
				GCC_NO_COMMON_BLOCKS = YES;
				GCC_WARN_64_TO_32_BIT_CONVERSION = YES;
				GCC_WARN_ABOUT_RETURN_TYPE = YES_ERROR;
				GCC_WARN_UNDECLARED_SELECTOR = YES;
				GCC_WARN_UNINITIALIZED_AUTOS = YES_AGGRESSIVE;
				GCC_WARN_UNUSED_FUNCTION = YES;
				GCC_WARN_UNUSED_VARIABLE = YES;
				MACOSX_DEPLOYMENT_TARGET = 10.13;
				MTL_ENABLE_DEBUG_INFO = NO;
				SDKROOT = macosx;
			};
			name = Release;
		};
		A96D72F5207AFD4500B98679 /* Debug */ = {
			isa = XCBuildConfiguration;
			buildSettings = {
				CODE_SIGN_STYLE = Manual;
				DEVELOPMENT_TEAM = "";
				PRODUCT_NAME = "$(TARGET_NAME)";
				PROVISIONING_PROFILE_SPECIFIER = "";
			};
			name = Debug;
		};
		A96D72F6207AFD4500B98679 /* Release */ = {
			isa = XCBuildConfiguration;
			buildSettings = {
				CODE_SIGN_STYLE = Manual;
				DEVELOPMENT_TEAM = "";
				PRODUCT_NAME = "$(TARGET_NAME)";
				PROVISIONING_PROFILE_SPECIFIER = "";
			};
			name = Release;
		};
/* End XCBuildConfiguration section */

/* Begin XCConfigurationList section */
		A96D72E8207AFD4500B98679 /* Build configuration list for PBXProject "cweb" */ = {
			isa = XCConfigurationList;
			buildConfigurations = (
				A96D72F2207AFD4500B98679 /* Debug */,
				A96D72F3207AFD4500B98679 /* Release */,
			);
			defaultConfigurationIsVisible = 0;
			defaultConfigurationName = Release;
		};
		A96D72F4207AFD4500B98679 /* Build configuration list for PBXNativeTarget "cweb" */ = {
			isa = XCConfigurationList;
			buildConfigurations = (
				A96D72F5207AFD4500B98679 /* Debug */,
				A96D72F6207AFD4500B98679 /* Release */,
			);
			defaultConfigurationIsVisible = 0;
			defaultConfigurationName = Release;
		};
/* End XCConfigurationList section */
	};
	rootObject = A96D72E5207AFD4500B98679 /* Project object */;
}
